// !$*UTF8*$!
{
	archiveVersion = 1;
	classes = {
	};
	objectVersion = 56;
	objects = {

/* Begin PBXBuildFile section */
		DB58734D2937F28D00D64912 /* main.swift in Sources */ = {isa = PBXBuildFile; fileRef = DB58734C2937F28D00D64912 /* main.swift */; };
		DB5873542937F37F00D64912 /* day1.swift in Sources */ = {isa = PBXBuildFile; fileRef = DB5873532937F37F00D64912 /* day1.swift */; };
		DB58735629387FFB00D64912 /* day2.swift in Sources */ = {isa = PBXBuildFile; fileRef = DB58735529387FFB00D64912 /* day2.swift */; };
		DB587358293B522800D64912 /* day3.swift in Sources */ = {isa = PBXBuildFile; fileRef = DB587357293B522800D64912 /* day3.swift */; };
		DB58735A293CAE1A00D64912 /* day4.swift in Sources */ = {isa = PBXBuildFile; fileRef = DB587359293CAE1A00D64912 /* day4.swift */; };
		DB58735C293DE49B00D64912 /* day5.swift in Sources */ = {isa = PBXBuildFile; fileRef = DB58735B293DE49B00D64912 /* day5.swift */; };
		DB58735E293F2E9300D64912 /* day6.swift in Sources */ = {isa = PBXBuildFile; fileRef = DB58735D293F2E9300D64912 /* day6.swift */; };
		DB58736029407FD400D64912 /* day7.swift in Sources */ = {isa = PBXBuildFile; fileRef = DB58735F29407FD400D64912 /* day7.swift */; };
		DBE2FC1D2941DEEB00917105 /* day8.swift in Sources */ = {isa = PBXBuildFile; fileRef = DBE2FC1C2941DEEB00917105 /* day8.swift */; };
		DBE2FC1F294322CA00917105 /* day9.swift in Sources */ = {isa = PBXBuildFile; fileRef = DBE2FC1E294322CA00917105 /* day9.swift */; };
		DBE2FC212944A50800917105 /* day10.swift in Sources */ = {isa = PBXBuildFile; fileRef = DBE2FC202944A50800917105 /* day10.swift */; };
		DBE2FC232946002600917105 /* day11.swift in Sources */ = {isa = PBXBuildFile; fileRef = DBE2FC222946002600917105 /* day11.swift */; };
/* End PBXBuildFile section */

/* Begin PBXCopyFilesBuildPhase section */
		DB5873472937F28D00D64912 /* CopyFiles */ = {
			isa = PBXCopyFilesBuildPhase;
			buildActionMask = 2147483647;
			dstPath = /usr/share/man/man1/;
			dstSubfolderSpec = 0;
			files = (
			);
			runOnlyForDeploymentPostprocessing = 1;
		};
/* End PBXCopyFilesBuildPhase section */

/* Begin PBXFileReference section */
		DB5873492937F28D00D64912 /* AOC22 */ = {isa = PBXFileReference; explicitFileType = "compiled.mach-o.executable"; includeInIndex = 0; path = AOC22; sourceTree = BUILT_PRODUCTS_DIR; };
		DB58734C2937F28D00D64912 /* main.swift */ = {isa = PBXFileReference; lastKnownFileType = sourcecode.swift; path = main.swift; sourceTree = "<group>"; };
		DB5873532937F37F00D64912 /* day1.swift */ = {isa = PBXFileReference; lastKnownFileType = sourcecode.swift; path = day1.swift; sourceTree = "<group>"; };
		DB58735529387FFB00D64912 /* day2.swift */ = {isa = PBXFileReference; lastKnownFileType = sourcecode.swift; path = day2.swift; sourceTree = "<group>"; };
		DB587357293B522800D64912 /* day3.swift */ = {isa = PBXFileReference; lastKnownFileType = sourcecode.swift; path = day3.swift; sourceTree = "<group>"; };
		DB587359293CAE1A00D64912 /* day4.swift */ = {isa = PBXFileReference; lastKnownFileType = sourcecode.swift; path = day4.swift; sourceTree = "<group>"; };
		DB58735B293DE49B00D64912 /* day5.swift */ = {isa = PBXFileReference; lastKnownFileType = sourcecode.swift; path = day5.swift; sourceTree = "<group>"; };
		DB58735D293F2E9300D64912 /* day6.swift */ = {isa = PBXFileReference; lastKnownFileType = sourcecode.swift; path = day6.swift; sourceTree = "<group>"; };
		DB58735F29407FD400D64912 /* day7.swift */ = {isa = PBXFileReference; lastKnownFileType = sourcecode.swift; path = day7.swift; sourceTree = "<group>"; };
		DBE2FC1C2941DEEB00917105 /* day8.swift */ = {isa = PBXFileReference; lastKnownFileType = sourcecode.swift; path = day8.swift; sourceTree = "<group>"; };
		DBE2FC1E294322CA00917105 /* day9.swift */ = {isa = PBXFileReference; lastKnownFileType = sourcecode.swift; path = day9.swift; sourceTree = "<group>"; };
		DBE2FC202944A50800917105 /* day10.swift */ = {isa = PBXFileReference; lastKnownFileType = sourcecode.swift; path = day10.swift; sourceTree = "<group>"; };
		DBE2FC222946002600917105 /* day11.swift */ = {isa = PBXFileReference; lastKnownFileType = sourcecode.swift; path = day11.swift; sourceTree = "<group>"; };
/* End PBXFileReference section */

/* Begin PBXFrameworksBuildPhase section */
		DB5873462937F28D00D64912 /* Frameworks */ = {
			isa = PBXFrameworksBuildPhase;
			buildActionMask = 2147483647;
			files = (
			);
			runOnlyForDeploymentPostprocessing = 0;
		};
/* End PBXFrameworksBuildPhase section */

/* Begin PBXGroup section */
		DB5873402937F28D00D64912 = {
			isa = PBXGroup;
			children = (
				DB58734B2937F28D00D64912 /* AOC22 */,
				DB58734A2937F28D00D64912 /* Products */,
			);
			sourceTree = "<group>";
		};
		DB58734A2937F28D00D64912 /* Products */ = {
			isa = PBXGroup;
			children = (
				DB5873492937F28D00D64912 /* AOC22 */,
			);
			name = Products;
			sourceTree = "<group>";
		};
		DB58734B2937F28D00D64912 /* AOC22 */ = {
			isa = PBXGroup;
			children = (
				DB58734C2937F28D00D64912 /* main.swift */,
				DB5873532937F37F00D64912 /* day1.swift */,
				DB58735529387FFB00D64912 /* day2.swift */,
				DB587357293B522800D64912 /* day3.swift */,
				DB587359293CAE1A00D64912 /* day4.swift */,
				DB58735B293DE49B00D64912 /* day5.swift */,
				DB58735D293F2E9300D64912 /* day6.swift */,
				DB58735F29407FD400D64912 /* day7.swift */,
				DBE2FC1C2941DEEB00917105 /* day8.swift */,
				DBE2FC1E294322CA00917105 /* day9.swift */,
				DBE2FC202944A50800917105 /* day10.swift */,
				DBE2FC222946002600917105 /* day11.swift */,
			);
			path = AOC22;
			sourceTree = "<group>";
		};
/* End PBXGroup section */

/* Begin PBXNativeTarget section */
		DB5873482937F28D00D64912 /* AOC22 */ = {
			isa = PBXNativeTarget;
			buildConfigurationList = DB5873502937F28D00D64912 /* Build configuration list for PBXNativeTarget "AOC22" */;
			buildPhases = (
				DB5873452937F28D00D64912 /* Sources */,
				DB5873462937F28D00D64912 /* Frameworks */,
				DB5873472937F28D00D64912 /* CopyFiles */,
			);
			buildRules = (
			);
			dependencies = (
			);
			name = AOC22;
			productName = AOC22;
			productReference = DB5873492937F28D00D64912 /* AOC22 */;
			productType = "com.apple.product-type.tool";
		};
/* End PBXNativeTarget section */

/* Begin PBXProject section */
		DB5873412937F28D00D64912 /* Project object */ = {
			isa = PBXProject;
			attributes = {
				BuildIndependentTargetsInParallel = 1;
				LastSwiftUpdateCheck = 1410;
				LastUpgradeCheck = 1410;
				TargetAttributes = {
					DB5873482937F28D00D64912 = {
						CreatedOnToolsVersion = 14.1;
					};
				};
			};
			buildConfigurationList = DB5873442937F28D00D64912 /* Build configuration list for PBXProject "AOC22" */;
			compatibilityVersion = "Xcode 14.0";
			developmentRegion = en;
			hasScannedForEncodings = 0;
			knownRegions = (
				en,
				Base,
			);
			mainGroup = DB5873402937F28D00D64912;
			productRefGroup = DB58734A2937F28D00D64912 /* Products */;
			projectDirPath = "";
			projectRoot = "";
			targets = (
				DB5873482937F28D00D64912 /* AOC22 */,
			);
		};
/* End PBXProject section */

/* Begin PBXSourcesBuildPhase section */
		DB5873452937F28D00D64912 /* Sources */ = {
			isa = PBXSourcesBuildPhase;
			buildActionMask = 2147483647;
			files = (
				DB5873542937F37F00D64912 /* day1.swift in Sources */,
				DB58735629387FFB00D64912 /* day2.swift in Sources */,
				DBE2FC232946002600917105 /* day11.swift in Sources */,
				DB58736029407FD400D64912 /* day7.swift in Sources */,
				DB587358293B522800D64912 /* day3.swift in Sources */,
				DB58735E293F2E9300D64912 /* day6.swift in Sources */,
				DB58735A293CAE1A00D64912 /* day4.swift in Sources */,
				DB58735C293DE49B00D64912 /* day5.swift in Sources */,
				DBE2FC212944A50800917105 /* day10.swift in Sources */,
				DBE2FC1D2941DEEB00917105 /* day8.swift in Sources */,
				DBE2FC1F294322CA00917105 /* day9.swift in Sources */,
				DB58734D2937F28D00D64912 /* main.swift in Sources */,
			);
			runOnlyForDeploymentPostprocessing = 0;
		};
/* End PBXSourcesBuildPhase section */

/* Begin XCBuildConfiguration section */
		DB58734E2937F28D00D64912 /* Debug */ = {
			isa = XCBuildConfiguration;
			buildSettings = {
				ALWAYS_SEARCH_USER_PATHS = NO;
				CLANG_ANALYZER_NONNULL = YES;
				CLANG_ANALYZER_NUMBER_OBJECT_CONVERSION = YES_AGGRESSIVE;
				CLANG_CXX_LANGUAGE_STANDARD = "gnu++20";
				CLANG_ENABLE_MODULES = YES;
				CLANG_ENABLE_OBJC_ARC = YES;
				CLANG_ENABLE_OBJC_WEAK = YES;
				CLANG_WARN_BLOCK_CAPTURE_AUTORELEASING = YES;
				CLANG_WARN_BOOL_CONVERSION = YES;
				CLANG_WARN_COMMA = YES;
				CLANG_WARN_CONSTANT_CONVERSION = YES;
				CLANG_WARN_DEPRECATED_OBJC_IMPLEMENTATIONS = YES;
				CLANG_WARN_DIRECT_OBJC_ISA_USAGE = YES_ERROR;
				CLANG_WARN_DOCUMENTATION_COMMENTS = YES;
				CLANG_WARN_EMPTY_BODY = YES;
				CLANG_WARN_ENUM_CONVERSION = YES;
				CLANG_WARN_INFINITE_RECURSION = YES;
				CLANG_WARN_INT_CONVERSION = YES;
				CLANG_WARN_NON_LITERAL_NULL_CONVERSION = YES;
				CLANG_WARN_OBJC_IMPLICIT_RETAIN_SELF = YES;
				CLANG_WARN_OBJC_LITERAL_CONVERSION = YES;
				CLANG_WARN_OBJC_ROOT_CLASS = YES_ERROR;
				CLANG_WARN_QUOTED_INCLUDE_IN_FRAMEWORK_HEADER = YES;
				CLANG_WARN_RANGE_LOOP_ANALYSIS = YES;
				CLANG_WARN_STRICT_PROTOTYPES = YES;
				CLANG_WARN_SUSPICIOUS_MOVE = YES;
				CLANG_WARN_UNGUARDED_AVAILABILITY = YES_AGGRESSIVE;
				CLANG_WARN_UNREACHABLE_CODE = YES;
				CLANG_WARN__DUPLICATE_METHOD_MATCH = YES;
				COPY_PHASE_STRIP = NO;
				DEBUG_INFORMATION_FORMAT = dwarf;
				ENABLE_STRICT_OBJC_MSGSEND = YES;
				ENABLE_TESTABILITY = YES;
				GCC_C_LANGUAGE_STANDARD = gnu11;
				GCC_DYNAMIC_NO_PIC = NO;
				GCC_NO_COMMON_BLOCKS = YES;
				GCC_OPTIMIZATION_LEVEL = 0;
				GCC_PREPROCESSOR_DEFINITIONS = (
					"DEBUG=1",
					"$(inherited)",
				);
				GCC_WARN_64_TO_32_BIT_CONVERSION = YES;
				GCC_WARN_ABOUT_RETURN_TYPE = YES_ERROR;
				GCC_WARN_UNDECLARED_SELECTOR = YES;
				GCC_WARN_UNINITIALIZED_AUTOS = YES_AGGRESSIVE;
				GCC_WARN_UNUSED_FUNCTION = YES;
				GCC_WARN_UNUSED_VARIABLE = YES;
				MACOSX_DEPLOYMENT_TARGET = 13.0;
				MTL_ENABLE_DEBUG_INFO = INCLUDE_SOURCE;
				MTL_FAST_MATH = YES;
				ONLY_ACTIVE_ARCH = YES;
				SDKROOT = macosx;
				SWIFT_ACTIVE_COMPILATION_CONDITIONS = DEBUG;
				SWIFT_OPTIMIZATION_LEVEL = "-Onone";
			};
			name = Debug;
		};
		DB58734F2937F28D00D64912 /* Release */ = {
			isa = XCBuildConfiguration;
			buildSettings = {
				ALWAYS_SEARCH_USER_PATHS = NO;
				CLANG_ANALYZER_NONNULL = YES;
				CLANG_ANALYZER_NUMBER_OBJECT_CONVERSION = YES_AGGRESSIVE;
				CLANG_CXX_LANGUAGE_STANDARD = "gnu++20";
				CLANG_ENABLE_MODULES = YES;
				CLANG_ENABLE_OBJC_ARC = YES;
				CLANG_ENABLE_OBJC_WEAK = YES;
				CLANG_WARN_BLOCK_CAPTURE_AUTORELEASING = YES;
				CLANG_WARN_BOOL_CONVERSION = YES;
				CLANG_WARN_COMMA = YES;
				CLANG_WARN_CONSTANT_CONVERSION = YES;
				CLANG_WARN_DEPRECATED_OBJC_IMPLEMENTATIONS = YES;
				CLANG_WARN_DIRECT_OBJC_ISA_USAGE = YES_ERROR;
				CLANG_WARN_DOCUMENTATION_COMMENTS = YES;
				CLANG_WARN_EMPTY_BODY = YES;
				CLANG_WARN_ENUM_CONVERSION = YES;
				CLANG_WARN_INFINITE_RECURSION = YES;
				CLANG_WARN_INT_CONVERSION = YES;
				CLANG_WARN_NON_LITERAL_NULL_CONVERSION = YES;
				CLANG_WARN_OBJC_IMPLICIT_RETAIN_SELF = YES;
				CLANG_WARN_OBJC_LITERAL_CONVERSION = YES;
				CLANG_WARN_OBJC_ROOT_CLASS = YES_ERROR;
				CLANG_WARN_QUOTED_INCLUDE_IN_FRAMEWORK_HEADER = YES;
				CLANG_WARN_RANGE_LOOP_ANALYSIS = YES;
				CLANG_WARN_STRICT_PROTOTYPES = YES;
				CLANG_WARN_SUSPICIOUS_MOVE = YES;
				CLANG_WARN_UNGUARDED_AVAILABILITY = YES_AGGRESSIVE;
				CLANG_WARN_UNREACHABLE_CODE = YES;
				CLANG_WARN__DUPLICATE_METHOD_MATCH = YES;
				COPY_PHASE_STRIP = NO;
				DEBUG_INFORMATION_FORMAT = "dwarf-with-dsym";
				ENABLE_NS_ASSERTIONS = NO;
				ENABLE_STRICT_OBJC_MSGSEND = YES;
				GCC_C_LANGUAGE_STANDARD = gnu11;
				GCC_NO_COMMON_BLOCKS = YES;
				GCC_WARN_64_TO_32_BIT_CONVERSION = YES;
				GCC_WARN_ABOUT_RETURN_TYPE = YES_ERROR;
				GCC_WARN_UNDECLARED_SELECTOR = YES;
				GCC_WARN_UNINITIALIZED_AUTOS = YES_AGGRESSIVE;
				GCC_WARN_UNUSED_FUNCTION = YES;
				GCC_WARN_UNUSED_VARIABLE = YES;
				MACOSX_DEPLOYMENT_TARGET = 13.0;
				MTL_ENABLE_DEBUG_INFO = NO;
				MTL_FAST_MATH = YES;
				SDKROOT = macosx;
				SWIFT_COMPILATION_MODE = wholemodule;
				SWIFT_OPTIMIZATION_LEVEL = "-O";
			};
			name = Release;
		};
		DB5873512937F28D00D64912 /* Debug */ = {
			isa = XCBuildConfiguration;
			buildSettings = {
				CODE_SIGN_STYLE = Automatic;
				DEVELOPMENT_TEAM = VLCLT2XQF5;
				ENABLE_HARDENED_RUNTIME = YES;
				PRODUCT_NAME = "$(TARGET_NAME)";
				SWIFT_VERSION = 5.0;
			};
			name = Debug;
		};
		DB5873522937F28D00D64912 /* Release */ = {
			isa = XCBuildConfiguration;
			buildSettings = {
				CODE_SIGN_STYLE = Automatic;
				DEVELOPMENT_TEAM = VLCLT2XQF5;
				ENABLE_HARDENED_RUNTIME = YES;
				PRODUCT_NAME = "$(TARGET_NAME)";
				SWIFT_VERSION = 5.0;
			};
			name = Release;
		};
/* End XCBuildConfiguration section */

/* Begin XCConfigurationList section */
		DB5873442937F28D00D64912 /* Build configuration list for PBXProject "AOC22" */ = {
			isa = XCConfigurationList;
			buildConfigurations = (
				DB58734E2937F28D00D64912 /* Debug */,
				DB58734F2937F28D00D64912 /* Release */,
			);
			defaultConfigurationIsVisible = 0;
			defaultConfigurationName = Release;
		};
		DB5873502937F28D00D64912 /* Build configuration list for PBXNativeTarget "AOC22" */ = {
			isa = XCConfigurationList;
			buildConfigurations = (
				DB5873512937F28D00D64912 /* Debug */,
				DB5873522937F28D00D64912 /* Release */,
			);
			defaultConfigurationIsVisible = 0;
			defaultConfigurationName = Release;
		};
/* End XCConfigurationList section */
	};
	rootObject = DB5873412937F28D00D64912 /* Project object */;
}
